
Microsoft Visual Studio Solution File, Format Version 12.00
# Visual Studio Version 17
VisualStudioVersion = 17.9.34728.123
MinimumVisualStudioVersion = 10.0.40219.1
Project("{9A19103F-16F7-4668-BE54-9A1E7A4F7556}") = "BanchoMultiplayerBot.Host.Console", "BanchoMultiplayerBot.Host.Console\BanchoMultiplayerBot.Host.Console.csproj", "{5115F6AB-C250-4156-9129-07E0B5C756F6}"
EndProject
Project("{9A19103F-16F7-4668-BE54-9A1E7A4F7556}") = "BanchoMultiplayerBot.Bancho", "BanchoMultiplayerBot.Bancho\BanchoMultiplayerBot.Bancho.csproj", "{E1CE375A-BBFE-4F75-8F2A-63B3228BD1A3}"
EndProject
Project("{2150E333-8FDC-42A3-9474-1A3956D46DE8}") = "Solution Items", "Solution Items", "{FDDAF35C-58A7-4159-96FA-82EA2E5F2634}"
	ProjectSection(SolutionItems) = preProject
		.editorconfig = .editorconfig
	EndProjectSection
EndProject
Project("{FAE04EC0-301F-11D3-BF4B-00C04F79EFBC}") = "BanchoMultiplayerBot", "BanchoMultiplayerBot\BanchoMultiplayerBot.csproj", "{B5968673-2BD2-40ED-8059-70FC1EC00C28}"
EndProject
Global
	GlobalSection(SolutionConfigurationPlatforms) = preSolution
		Debug|Any CPU = Debug|Any CPU
		Release|Any CPU = Release|Any CPU
	EndGlobalSection
	GlobalSection(ProjectConfigurationPlatforms) = postSolution
		{5115F6AB-C250-4156-9129-07E0B5C756F6}.Debug|Any CPU.ActiveCfg = Debug|Any CPU
		{5115F6AB-C250-4156-9129-07E0B5C756F6}.Debug|Any CPU.Build.0 = Debug|Any CPU
		{5115F6AB-C250-4156-9129-07E0B5C756F6}.Release|Any CPU.ActiveCfg = Release|Any CPU
		{5115F6AB-C250-4156-9129-07E0B5C756F6}.Release|Any CPU.Build.0 = Release|Any CPU
		{E1CE375A-BBFE-4F75-8F2A-63B3228BD1A3}.Debug|Any CPU.ActiveCfg = Debug|Any CPU
		{E1CE375A-BBFE-4F75-8F2A-63B3228BD1A3}.Debug|Any CPU.Build.0 = Debug|Any CPU
		{E1CE375A-BBFE-4F75-8F2A-63B3228BD1A3}.Release|Any CPU.ActiveCfg = Release|Any CPU
		{E1CE375A-BBFE-4F75-8F2A-63B3228BD1A3}.Release|Any CPU.Build.0 = Release|Any CPU
		{B5968673-2BD2-40ED-8059-70FC1EC00C28}.Debug|Any CPU.ActiveCfg = Debug|Any CPU
		{B5968673-2BD2-40ED-8059-70FC1EC00C28}.Debug|Any CPU.Build.0 = Debug|Any CPU
		{B5968673-2BD2-40ED-8059-70FC1EC00C28}.Release|Any CPU.ActiveCfg = Release|Any CPU
		{B5968673-2BD2-40ED-8059-70FC1EC00C28}.Release|Any CPU.Build.0 = Release|Any CPU
	EndGlobalSection
	GlobalSection(SolutionProperties) = preSolution
		HideSolutionNode = FALSE
	EndGlobalSection
	GlobalSection(ExtensibilityGlobals) = postSolution
		SolutionGuid = {E901B0A5-3806-4400-B7A1-518487DE6AAE}
	EndGlobalSection
EndGlobal
