
Microsoft Visual Studio Solution File, Format Version 12.00
# Visual Studio Version 17
VisualStudioVersion = 17.3.32929.385
MinimumVisualStudioVersion = 10.0.40219.1
Project("{9A19103F-16F7-4668-BE54-9A1E7A4F7556}") = "BanchoMultiplayerBot", "BanchoMultiplayerBot\BanchoMultiplayerBot.csproj", "{839ECCE3-79C9-4274-B7F5-1D4FD02F42E9}"
EndProject
Project("{9A19103F-16F7-4668-BE54-9A1E7A4F7556}") = "BanchoMultiplayerBot.Host.Console", "BanchoMultiplayerBot.Host.Console\BanchoMultiplayerBot.Host.Console.csproj", "{A5F33F67-C2D2-408A-9157-8A3C257E3044}"
EndProject
Project("{9A19103F-16F7-4668-BE54-9A1E7A4F7556}") = "BanchoMultiplayerBot.Host.Web", "BanchoMultiplayerBot.Host.Web\BanchoMultiplayerBot.Host.Web.csproj", "{A152675A-71B1-4F4A-ACB2-79248EF39E78}"
EndProject
Project("{9A19103F-16F7-4668-BE54-9A1E7A4F7556}") = "BanchoMultiplayerBot.Status", "BanchoMultiplayerBot.Status\BanchoMultiplayerBot.Status.csproj", "{42E250EB-2555-4B04-B91F-731A38145174}"
EndProject
Project("{FAE04EC0-301F-11D3-BF4B-00C04F79EFBC}") = "BanchoMultiplayerBot.Database", "BanchoMultiplayerBot.Database\BanchoMultiplayerBot.Database.csproj", "{8CE6D749-46FE-4DFB-B3EB-2D06F6492FA6}"
EndProject
Global
	GlobalSection(SolutionConfigurationPlatforms) = preSolution
		Debug|Any CPU = Debug|Any CPU
		Release|Any CPU = Release|Any CPU
	EndGlobalSection
	GlobalSection(ProjectConfigurationPlatforms) = postSolution
		{839ECCE3-79C9-4274-B7F5-1D4FD02F42E9}.Debug|Any CPU.ActiveCfg = Debug|Any CPU
		{839ECCE3-79C9-4274-B7F5-1D4FD02F42E9}.Debug|Any CPU.Build.0 = Debug|Any CPU
		{839ECCE3-79C9-4274-B7F5-1D4FD02F42E9}.Release|Any CPU.ActiveCfg = Release|Any CPU
		{839ECCE3-79C9-4274-B7F5-1D4FD02F42E9}.Release|Any CPU.Build.0 = Release|Any CPU
		{A5F33F67-C2D2-408A-9157-8A3C257E3044}.Debug|Any CPU.ActiveCfg = Debug|Any CPU
		{A5F33F67-C2D2-408A-9157-8A3C257E3044}.Debug|Any CPU.Build.0 = Debug|Any CPU
		{A5F33F67-C2D2-408A-9157-8A3C257E3044}.Release|Any CPU.ActiveCfg = Release|Any CPU
		{A5F33F67-C2D2-408A-9157-8A3C257E3044}.Release|Any CPU.Build.0 = Release|Any CPU
		{A152675A-71B1-4F4A-ACB2-79248EF39E78}.Debug|Any CPU.ActiveCfg = Debug|Any CPU
		{A152675A-71B1-4F4A-ACB2-79248EF39E78}.Debug|Any CPU.Build.0 = Debug|Any CPU
		{A152675A-71B1-4F4A-ACB2-79248EF39E78}.Release|Any CPU.ActiveCfg = Release|Any CPU
		{A152675A-71B1-4F4A-ACB2-79248EF39E78}.Release|Any CPU.Build.0 = Release|Any CPU
		{42E250EB-2555-4B04-B91F-731A38145174}.Debug|Any CPU.ActiveCfg = Debug|Any CPU
		{42E250EB-2555-4B04-B91F-731A38145174}.Debug|Any CPU.Build.0 = Debug|Any CPU
		{42E250EB-2555-4B04-B91F-731A38145174}.Release|Any CPU.ActiveCfg = Release|Any CPU
		{42E250EB-2555-4B04-B91F-731A38145174}.Release|Any CPU.Build.0 = Release|Any CPU
		{8CE6D749-46FE-4DFB-B3EB-2D06F6492FA6}.Debug|Any CPU.ActiveCfg = Debug|Any CPU
		{8CE6D749-46FE-4DFB-B3EB-2D06F6492FA6}.Debug|Any CPU.Build.0 = Debug|Any CPU
		{8CE6D749-46FE-4DFB-B3EB-2D06F6492FA6}.Release|Any CPU.ActiveCfg = Release|Any CPU
		{8CE6D749-46FE-4DFB-B3EB-2D06F6492FA6}.Release|Any CPU.Build.0 = Release|Any CPU
	EndGlobalSection
	GlobalSection(SolutionProperties) = preSolution
		HideSolutionNode = FALSE
	EndGlobalSection
	GlobalSection(ExtensibilityGlobals) = postSolution
		SolutionGuid = {41B4F4BE-99E5-4929-AA70-8EED8707CCB0}
	EndGlobalSection
EndGlobal
